
Microsoft Visual Studio Solution File, Format Version 12.00
# Visual Studio Version 16
VisualStudioVersion = 16.0.30204.135
MinimumVisualStudioVersion = 10.0.40219.1
Project("{FAE04EC0-301F-11D3-BF4B-00C04F79EFBC}") = "ChoreCore.Android", "ChoreCore\ChoreCore.Android\ChoreCore.Android.csproj", "{8C18B3DF-7975-4C79-B4F5-DE6B4FDC5717}"
EndProject
Project("{FAE04EC0-301F-11D3-BF4B-00C04F79EFBC}") = "ChoreCore.iOS", "ChoreCore\ChoreCore.iOS\ChoreCore.iOS.csproj", "{62A6E503-7F67-46F1-ADE3-786CDD739A23}"
EndProject
Project("{9A19103F-16F7-4668-BE54-9A1E7A4F7556}") = "ChoreCore", "ChoreCore\ChoreCore\ChoreCore.csproj", "{A3DF5B1C-0312-48AB-9884-3405BAD56EC9}"
EndProject
Project("{9A19103F-16F7-4668-BE54-9A1E7A4F7556}") = "ChoreCore.Controllers", "ChoreCore.Controllers\ChoreCore.Controllers.csproj", "{055E9A98-A4CA-4C73-A04E-A55DBFE96E09}"
EndProject
Project("{9A19103F-16F7-4668-BE54-9A1E7A4F7556}") = "ChoreCore.Managers", "ChoreCore.Managers\ChoreCore.Managers.csproj", "{91536608-AA53-4F63-9428-79E0C8BB2984}"
EndProject
Project("{9A19103F-16F7-4668-BE54-9A1E7A4F7556}") = "ChoreCore.Models", "ChoreCore.Models\ChoreCore.Models.csproj", "{22BFA2FC-7AF0-4E10-AF88-683FF5A3AC34}"
EndProject
Project("{9A19103F-16F7-4668-BE54-9A1E7A4F7556}") = "ChoreCore.ViewModels", "ChoreCore.ViewModels\ChoreCore.ViewModels.csproj", "{E2EC3792-1499-400F-A208-BFEB1332FB8E}"
EndProject
Project("{9A19103F-16F7-4668-BE54-9A1E7A4F7556}") = "ChoreCore.Tests", "ChoreCore.Tests\ChoreCore.Tests.csproj", "{DF44CC57-6F79-48FA-9967-6EE558E2ECFA}"
EndProject
Global
	GlobalSection(SolutionConfigurationPlatforms) = preSolution
		Debug|Any CPU = Debug|Any CPU
		Debug|iPhone = Debug|iPhone
		Debug|iPhoneSimulator = Debug|iPhoneSimulator
		Release|Any CPU = Release|Any CPU
		Release|iPhone = Release|iPhone
		Release|iPhoneSimulator = Release|iPhoneSimulator
	EndGlobalSection
	GlobalSection(ProjectConfigurationPlatforms) = postSolution
		{8C18B3DF-7975-4C79-B4F5-DE6B4FDC5717}.Debug|Any CPU.ActiveCfg = Debug|Any CPU
		{8C18B3DF-7975-4C79-B4F5-DE6B4FDC5717}.Debug|Any CPU.Build.0 = Debug|Any CPU
		{8C18B3DF-7975-4C79-B4F5-DE6B4FDC5717}.Debug|Any CPU.Deploy.0 = Debug|Any CPU
		{8C18B3DF-7975-4C79-B4F5-DE6B4FDC5717}.Debug|iPhone.ActiveCfg = Debug|Any CPU
		{8C18B3DF-7975-4C79-B4F5-DE6B4FDC5717}.Debug|iPhone.Build.0 = Debug|Any CPU
		{8C18B3DF-7975-4C79-B4F5-DE6B4FDC5717}.Debug|iPhone.Deploy.0 = Debug|Any CPU
		{8C18B3DF-7975-4C79-B4F5-DE6B4FDC5717}.Debug|iPhoneSimulator.ActiveCfg = Debug|Any CPU
		{8C18B3DF-7975-4C79-B4F5-DE6B4FDC5717}.Debug|iPhoneSimulator.Build.0 = Debug|Any CPU
		{8C18B3DF-7975-4C79-B4F5-DE6B4FDC5717}.Debug|iPhoneSimulator.Deploy.0 = Debug|Any CPU
		{8C18B3DF-7975-4C79-B4F5-DE6B4FDC5717}.Release|Any CPU.ActiveCfg = Release|Any CPU
		{8C18B3DF-7975-4C79-B4F5-DE6B4FDC5717}.Release|Any CPU.Build.0 = Release|Any CPU
		{8C18B3DF-7975-4C79-B4F5-DE6B4FDC5717}.Release|Any CPU.Deploy.0 = Release|Any CPU
		{8C18B3DF-7975-4C79-B4F5-DE6B4FDC5717}.Release|iPhone.ActiveCfg = Release|Any CPU
		{8C18B3DF-7975-4C79-B4F5-DE6B4FDC5717}.Release|iPhone.Build.0 = Release|Any CPU
		{8C18B3DF-7975-4C79-B4F5-DE6B4FDC5717}.Release|iPhone.Deploy.0 = Release|Any CPU
		{8C18B3DF-7975-4C79-B4F5-DE6B4FDC5717}.Release|iPhoneSimulator.ActiveCfg = Release|Any CPU
		{8C18B3DF-7975-4C79-B4F5-DE6B4FDC5717}.Release|iPhoneSimulator.Build.0 = Release|Any CPU
		{8C18B3DF-7975-4C79-B4F5-DE6B4FDC5717}.Release|iPhoneSimulator.Deploy.0 = Release|Any CPU
		{62A6E503-7F67-46F1-ADE3-786CDD739A23}.Debug|Any CPU.ActiveCfg = Debug|iPhone
		{62A6E503-7F67-46F1-ADE3-786CDD739A23}.Debug|Any CPU.Build.0 = Debug|iPhone
		{62A6E503-7F67-46F1-ADE3-786CDD739A23}.Debug|Any CPU.Deploy.0 = Debug|iPhone
		{62A6E503-7F67-46F1-ADE3-786CDD739A23}.Debug|iPhone.ActiveCfg = Debug|iPhone
		{62A6E503-7F67-46F1-ADE3-786CDD739A23}.Debug|iPhone.Build.0 = Debug|iPhone
		{62A6E503-7F67-46F1-ADE3-786CDD739A23}.Debug|iPhone.Deploy.0 = Debug|iPhone
		{62A6E503-7F67-46F1-ADE3-786CDD739A23}.Debug|iPhoneSimulator.ActiveCfg = Debug|iPhoneSimulator
		{62A6E503-7F67-46F1-ADE3-786CDD739A23}.Debug|iPhoneSimulator.Build.0 = Debug|iPhoneSimulator
		{62A6E503-7F67-46F1-ADE3-786CDD739A23}.Debug|iPhoneSimulator.Deploy.0 = Debug|iPhoneSimulator
		{62A6E503-7F67-46F1-ADE3-786CDD739A23}.Release|Any CPU.ActiveCfg = Release|iPhone
		{62A6E503-7F67-46F1-ADE3-786CDD739A23}.Release|Any CPU.Build.0 = Release|iPhone
		{62A6E503-7F67-46F1-ADE3-786CDD739A23}.Release|Any CPU.Deploy.0 = Release|iPhone
		{62A6E503-7F67-46F1-ADE3-786CDD739A23}.Release|iPhone.ActiveCfg = Release|iPhone
		{62A6E503-7F67-46F1-ADE3-786CDD739A23}.Release|iPhone.Build.0 = Release|iPhone
		{62A6E503-7F67-46F1-ADE3-786CDD739A23}.Release|iPhone.Deploy.0 = Release|iPhone
		{62A6E503-7F67-46F1-ADE3-786CDD739A23}.Release|iPhoneSimulator.ActiveCfg = Release|iPhoneSimulator
		{62A6E503-7F67-46F1-ADE3-786CDD739A23}.Release|iPhoneSimulator.Build.0 = Release|iPhoneSimulator
		{62A6E503-7F67-46F1-ADE3-786CDD739A23}.Release|iPhoneSimulator.Deploy.0 = Release|iPhoneSimulator
		{A3DF5B1C-0312-48AB-9884-3405BAD56EC9}.Debug|Any CPU.ActiveCfg = Debug|Any CPU
		{A3DF5B1C-0312-48AB-9884-3405BAD56EC9}.Debug|Any CPU.Build.0 = Debug|Any CPU
		{A3DF5B1C-0312-48AB-9884-3405BAD56EC9}.Debug|Any CPU.Deploy.0 = Debug|Any CPU
		{A3DF5B1C-0312-48AB-9884-3405BAD56EC9}.Debug|iPhone.ActiveCfg = Debug|Any CPU
		{A3DF5B1C-0312-48AB-9884-3405BAD56EC9}.Debug|iPhone.Build.0 = Debug|Any CPU
		{A3DF5B1C-0312-48AB-9884-3405BAD56EC9}.Debug|iPhone.Deploy.0 = Debug|Any CPU
		{A3DF5B1C-0312-48AB-9884-3405BAD56EC9}.Debug|iPhoneSimulator.ActiveCfg = Debug|Any CPU
		{A3DF5B1C-0312-48AB-9884-3405BAD56EC9}.Debug|iPhoneSimulator.Build.0 = Debug|Any CPU
		{A3DF5B1C-0312-48AB-9884-3405BAD56EC9}.Debug|iPhoneSimulator.Deploy.0 = Debug|Any CPU
		{A3DF5B1C-0312-48AB-9884-3405BAD56EC9}.Release|Any CPU.ActiveCfg = Release|Any CPU
		{A3DF5B1C-0312-48AB-9884-3405BAD56EC9}.Release|Any CPU.Build.0 = Release|Any CPU
		{A3DF5B1C-0312-48AB-9884-3405BAD56EC9}.Release|Any CPU.Deploy.0 = Release|Any CPU
		{A3DF5B1C-0312-48AB-9884-3405BAD56EC9}.Release|iPhone.ActiveCfg = Release|Any CPU
		{A3DF5B1C-0312-48AB-9884-3405BAD56EC9}.Release|iPhone.Build.0 = Release|Any CPU
		{A3DF5B1C-0312-48AB-9884-3405BAD56EC9}.Release|iPhone.Deploy.0 = Release|Any CPU
		{A3DF5B1C-0312-48AB-9884-3405BAD56EC9}.Release|iPhoneSimulator.ActiveCfg = Release|Any CPU
		{A3DF5B1C-0312-48AB-9884-3405BAD56EC9}.Release|iPhoneSimulator.Build.0 = Release|Any CPU
		{A3DF5B1C-0312-48AB-9884-3405BAD56EC9}.Release|iPhoneSimulator.Deploy.0 = Release|Any CPU
		{055E9A98-A4CA-4C73-A04E-A55DBFE96E09}.Debug|Any CPU.ActiveCfg = Debug|Any CPU
		{055E9A98-A4CA-4C73-A04E-A55DBFE96E09}.Debug|Any CPU.Build.0 = Debug|Any CPU
		{055E9A98-A4CA-4C73-A04E-A55DBFE96E09}.Debug|iPhone.ActiveCfg = Debug|Any CPU
		{055E9A98-A4CA-4C73-A04E-A55DBFE96E09}.Debug|iPhone.Build.0 = Debug|Any CPU
		{055E9A98-A4CA-4C73-A04E-A55DBFE96E09}.Debug|iPhoneSimulator.ActiveCfg = Debug|Any CPU
		{055E9A98-A4CA-4C73-A04E-A55DBFE96E09}.Debug|iPhoneSimulator.Build.0 = Debug|Any CPU
		{055E9A98-A4CA-4C73-A04E-A55DBFE96E09}.Release|Any CPU.ActiveCfg = Release|Any CPU
		{055E9A98-A4CA-4C73-A04E-A55DBFE96E09}.Release|Any CPU.Build.0 = Release|Any CPU
		{055E9A98-A4CA-4C73-A04E-A55DBFE96E09}.Release|iPhone.ActiveCfg = Release|Any CPU
		{055E9A98-A4CA-4C73-A04E-A55DBFE96E09}.Release|iPhone.Build.0 = Release|Any CPU
		{055E9A98-A4CA-4C73-A04E-A55DBFE96E09}.Release|iPhoneSimulator.ActiveCfg = Release|Any CPU
		{055E9A98-A4CA-4C73-A04E-A55DBFE96E09}.Release|iPhoneSimulator.Build.0 = Release|Any CPU
		{91536608-AA53-4F63-9428-79E0C8BB2984}.Debug|Any CPU.ActiveCfg = Debug|Any CPU
		{91536608-AA53-4F63-9428-79E0C8BB2984}.Debug|Any CPU.Build.0 = Debug|Any CPU
		{91536608-AA53-4F63-9428-79E0C8BB2984}.Debug|iPhone.ActiveCfg = Debug|Any CPU
		{91536608-AA53-4F63-9428-79E0C8BB2984}.Debug|iPhone.Build.0 = Debug|Any CPU
		{91536608-AA53-4F63-9428-79E0C8BB2984}.Debug|iPhoneSimulator.ActiveCfg = Debug|Any CPU
		{91536608-AA53-4F63-9428-79E0C8BB2984}.Debug|iPhoneSimulator.Build.0 = Debug|Any CPU
		{91536608-AA53-4F63-9428-79E0C8BB2984}.Release|Any CPU.ActiveCfg = Release|Any CPU
		{91536608-AA53-4F63-9428-79E0C8BB2984}.Release|Any CPU.Build.0 = Release|Any CPU
		{91536608-AA53-4F63-9428-79E0C8BB2984}.Release|iPhone.ActiveCfg = Release|Any CPU
		{91536608-AA53-4F63-9428-79E0C8BB2984}.Release|iPhone.Build.0 = Release|Any CPU
		{91536608-AA53-4F63-9428-79E0C8BB2984}.Release|iPhoneSimulator.ActiveCfg = Release|Any CPU
		{91536608-AA53-4F63-9428-79E0C8BB2984}.Release|iPhoneSimulator.Build.0 = Release|Any CPU
		{22BFA2FC-7AF0-4E10-AF88-683FF5A3AC34}.Debug|Any CPU.ActiveCfg = Debug|Any CPU
		{22BFA2FC-7AF0-4E10-AF88-683FF5A3AC34}.Debug|Any CPU.Build.0 = Debug|Any CPU
		{22BFA2FC-7AF0-4E10-AF88-683FF5A3AC34}.Debug|iPhone.ActiveCfg = Debug|Any CPU
		{22BFA2FC-7AF0-4E10-AF88-683FF5A3AC34}.Debug|iPhone.Build.0 = Debug|Any CPU
		{22BFA2FC-7AF0-4E10-AF88-683FF5A3AC34}.Debug|iPhoneSimulator.ActiveCfg = Debug|Any CPU
		{22BFA2FC-7AF0-4E10-AF88-683FF5A3AC34}.Debug|iPhoneSimulator.Build.0 = Debug|Any CPU
		{22BFA2FC-7AF0-4E10-AF88-683FF5A3AC34}.Release|Any CPU.ActiveCfg = Release|Any CPU
		{22BFA2FC-7AF0-4E10-AF88-683FF5A3AC34}.Release|Any CPU.Build.0 = Release|Any CPU
		{22BFA2FC-7AF0-4E10-AF88-683FF5A3AC34}.Release|iPhone.ActiveCfg = Release|Any CPU
		{22BFA2FC-7AF0-4E10-AF88-683FF5A3AC34}.Release|iPhone.Build.0 = Release|Any CPU
		{22BFA2FC-7AF0-4E10-AF88-683FF5A3AC34}.Release|iPhoneSimulator.ActiveCfg = Release|Any CPU
		{22BFA2FC-7AF0-4E10-AF88-683FF5A3AC34}.Release|iPhoneSimulator.Build.0 = Release|Any CPU
		{E2EC3792-1499-400F-A208-BFEB1332FB8E}.Debug|Any CPU.ActiveCfg = Debug|Any CPU
		{E2EC3792-1499-400F-A208-BFEB1332FB8E}.Debug|Any CPU.Build.0 = Debug|Any CPU
		{E2EC3792-1499-400F-A208-BFEB1332FB8E}.Debug|iPhone.ActiveCfg = Debug|Any CPU
		{E2EC3792-1499-400F-A208-BFEB1332FB8E}.Debug|iPhone.Build.0 = Debug|Any CPU
		{E2EC3792-1499-400F-A208-BFEB1332FB8E}.Debug|iPhoneSimulator.ActiveCfg = Debug|Any CPU
		{E2EC3792-1499-400F-A208-BFEB1332FB8E}.Debug|iPhoneSimulator.Build.0 = Debug|Any CPU
		{E2EC3792-1499-400F-A208-BFEB1332FB8E}.Release|Any CPU.ActiveCfg = Release|Any CPU
		{E2EC3792-1499-400F-A208-BFEB1332FB8E}.Release|Any CPU.Build.0 = Release|Any CPU
		{E2EC3792-1499-400F-A208-BFEB1332FB8E}.Release|iPhone.ActiveCfg = Release|Any CPU
		{E2EC3792-1499-400F-A208-BFEB1332FB8E}.Release|iPhone.Build.0 = Release|Any CPU
		{E2EC3792-1499-400F-A208-BFEB1332FB8E}.Release|iPhoneSimulator.ActiveCfg = Release|Any CPU
		{E2EC3792-1499-400F-A208-BFEB1332FB8E}.Release|iPhoneSimulator.Build.0 = Release|Any CPU
		{DF44CC57-6F79-48FA-9967-6EE558E2ECFA}.Debug|Any CPU.ActiveCfg = Debug|Any CPU
		{DF44CC57-6F79-48FA-9967-6EE558E2ECFA}.Debug|Any CPU.Build.0 = Debug|Any CPU
		{DF44CC57-6F79-48FA-9967-6EE558E2ECFA}.Debug|iPhone.ActiveCfg = Debug|Any CPU
		{DF44CC57-6F79-48FA-9967-6EE558E2ECFA}.Debug|iPhone.Build.0 = Debug|Any CPU
		{DF44CC57-6F79-48FA-9967-6EE558E2ECFA}.Debug|iPhoneSimulator.ActiveCfg = Debug|Any CPU
		{DF44CC57-6F79-48FA-9967-6EE558E2ECFA}.Debug|iPhoneSimulator.Build.0 = Debug|Any CPU
		{DF44CC57-6F79-48FA-9967-6EE558E2ECFA}.Release|Any CPU.ActiveCfg = Release|Any CPU
		{DF44CC57-6F79-48FA-9967-6EE558E2ECFA}.Release|Any CPU.Build.0 = Release|Any CPU
		{DF44CC57-6F79-48FA-9967-6EE558E2ECFA}.Release|iPhone.ActiveCfg = Release|Any CPU
		{DF44CC57-6F79-48FA-9967-6EE558E2ECFA}.Release|iPhone.Build.0 = Release|Any CPU
		{DF44CC57-6F79-48FA-9967-6EE558E2ECFA}.Release|iPhoneSimulator.ActiveCfg = Release|Any CPU
		{DF44CC57-6F79-48FA-9967-6EE558E2ECFA}.Release|iPhoneSimulator.Build.0 = Release|Any CPU
	EndGlobalSection
	GlobalSection(SolutionProperties) = preSolution
		HideSolutionNode = FALSE
	EndGlobalSection
	GlobalSection(ExtensibilityGlobals) = postSolution
		SolutionGuid = {8378CE49-91A5-4890-829E-75FAEB2E1F31}
	EndGlobalSection
EndGlobal
